Microsoft Visual Studio Solution File, Format Version 12.00
# Visual Studio Version 17
VisualStudioVersion = 17.5.2.0
MinimumVisualStudioVersion = 10.0.40219.1
Project("{FAE04EC0-301F-11D3-BF4B-00C04F79EFBC}") = "DysonNetwork.Pass", "DysonNetwork.Pass.csproj", "{0E8F6522-90DE-5BDE-7127-114E02C2C10F}"
EndProject
Global
	GlobalSection(SolutionConfigurationPlatforms) = preSolution
		Debug|Any CPU = Debug|Any CPU
		Release|Any CPU = Release|Any CPU
	EndGlobalSection
	GlobalSection(ProjectConfigurationPlatforms) = postSolution
		{0E8F6522-90DE-5BDE-7127-114E02C2C10F}.Debug|Any CPU.ActiveCfg = Debug|Any CPU
		{0E8F6522-90DE-5BDE-7127-114E02C2C10F}.Debug|Any CPU.Build.0 = Debug|Any CPU
		{0E8F6522-90DE-5BDE-7127-114E02C2C10F}.Release|Any CPU.ActiveCfg = Release|Any CPU
		{0E8F6522-90DE-5BDE-7127-114E02C2C10F}.Release|Any CPU.Build.0 = Release|Any CPU
	EndGlobalSection
	GlobalSection(SolutionProperties) = preSolution
		HideSolutionNode = FALSE
	EndGlobalSection
	GlobalSection(ExtensibilityGlobals) = postSolution
		SolutionGuid = {8DAB9031-CC04-4A1A-A05A-4ADFEBAB90A8}
	EndGlobalSection
EndGlobal
